
Microsoft Visual Studio Solution File, Format Version 12.00
# Visual Studio 14
VisualStudioVersion = 14.0.25420.1
MinimumVisualStudioVersion = 10.0.40219.1
Project("{2150E333-8FDC-42A3-9474-1A3956D46DE8}") = "Engine", "Engine", "{50C87088-7866-45D4-9608-30AED0514981}"
EndProject
Project("{2150E333-8FDC-42A3-9474-1A3956D46DE8}") = "Games", "Games", "{1253BFA7-A105-4106-B969-390AAC4246F3}"
EndProject
Project("{8BC9CEB8-8B4A-11D0-8D11-00A0C91BC942}") = "UE4", "Intermediate\ProjectFiles\UE4.vcxproj", "{CD3E0BC2-A928-4E90-939A-6178DC43A9CA}"
EndProject
Project("{8BC9CEB8-8B4A-11D0-8D11-00A0C91BC942}") = "UE4ChromaSDK", "Intermediate\ProjectFiles\UE4ChromaSDK.vcxproj", "{B6B81989-2CD4-4476-BFCD-35C5530C36B7}"
EndProject
Global
	GlobalSection(SolutionConfigurationPlatforms) = preSolution
		DebugGame Editor|Android = DebugGame Editor|Android
		DebugGame Editor|HTML5 = DebugGame Editor|HTML5
		DebugGame Editor|Win32 = DebugGame Editor|Win32
		DebugGame Editor|Win64 = DebugGame Editor|Win64
		DebugGame|Android = DebugGame|Android
		DebugGame|HTML5 = DebugGame|HTML5
		DebugGame|Win32 = DebugGame|Win32
		DebugGame|Win64 = DebugGame|Win64
		Development Editor|Android = Development Editor|Android
		Development Editor|HTML5 = Development Editor|HTML5
		Development Editor|Win32 = Development Editor|Win32
		Development Editor|Win64 = Development Editor|Win64
		Development|Android = Development|Android
		Development|HTML5 = Development|HTML5
		Development|Win32 = Development|Win32
		Development|Win64 = Development|Win64
		Shipping|Android = Shipping|Android
		Shipping|HTML5 = Shipping|HTML5
		Shipping|Win32 = Shipping|Win32
		Shipping|Win64 = Shipping|Win64
	EndGlobalSection
	GlobalSection(ProjectConfigurationPlatforms) = postSolution
		{CD3E0BC2-A928-4E90-939A-6178DC43A9CA}.DebugGame Editor|Android.ActiveCfg = BuiltWithUnrealBuildTool|Win32
		{CD3E0BC2-A928-4E90-939A-6178DC43A9CA}.DebugGame Editor|Android.Build.0 = BuiltWithUnrealBuildTool|Win32
		{CD3E0BC2-A928-4E90-939A-6178DC43A9CA}.DebugGame Editor|HTML5.ActiveCfg = BuiltWithUnrealBuildTool|Win32
		{CD3E0BC2-A928-4E90-939A-6178DC43A9CA}.DebugGame Editor|HTML5.Build.0 = BuiltWithUnrealBuildTool|Win32
		{CD3E0BC2-A928-4E90-939A-6178DC43A9CA}.DebugGame Editor|Win32.ActiveCfg = BuiltWithUnrealBuildTool|Win32
		{CD3E0BC2-A928-4E90-939A-6178DC43A9CA}.DebugGame Editor|Win32.Build.0 = BuiltWithUnrealBuildTool|Win32
		{CD3E0BC2-A928-4E90-939A-6178DC43A9CA}.DebugGame Editor|Win64.ActiveCfg = BuiltWithUnrealBuildTool|Win32
		{CD3E0BC2-A928-4E90-939A-6178DC43A9CA}.DebugGame Editor|Win64.Build.0 = BuiltWithUnrealBuildTool|Win32
		{CD3E0BC2-A928-4E90-939A-6178DC43A9CA}.DebugGame|Android.ActiveCfg = BuiltWithUnrealBuildTool|Win32
		{CD3E0BC2-A928-4E90-939A-6178DC43A9CA}.DebugGame|Android.Build.0 = BuiltWithUnrealBuildTool|Win32
		{CD3E0BC2-A928-4E90-939A-6178DC43A9CA}.DebugGame|HTML5.ActiveCfg = BuiltWithUnrealBuildTool|Win32
		{CD3E0BC2-A928-4E90-939A-6178DC43A9CA}.DebugGame|HTML5.Build.0 = BuiltWithUnrealBuildTool|Win32
		{CD3E0BC2-A928-4E90-939A-6178DC43A9CA}.DebugGame|Win32.ActiveCfg = BuiltWithUnrealBuildTool|Win32
		{CD3E0BC2-A928-4E90-939A-6178DC43A9CA}.DebugGame|Win32.Build.0 = BuiltWithUnrealBuildTool|Win32
		{CD3E0BC2-A928-4E90-939A-6178DC43A9CA}.DebugGame|Win64.ActiveCfg = BuiltWithUnrealBuildTool|Win32
		{CD3E0BC2-A928-4E90-939A-6178DC43A9CA}.DebugGame|Win64.Build.0 = BuiltWithUnrealBuildTool|Win32
		{CD3E0BC2-A928-4E90-939A-6178DC43A9CA}.Development Editor|Android.ActiveCfg = BuiltWithUnrealBuildTool|Win32
		{CD3E0BC2-A928-4E90-939A-6178DC43A9CA}.Development Editor|Android.Build.0 = BuiltWithUnrealBuildTool|Win32
		{CD3E0BC2-A928-4E90-939A-6178DC43A9CA}.Development Editor|HTML5.ActiveCfg = BuiltWithUnrealBuildTool|Win32
		{CD3E0BC2-A928-4E90-939A-6178DC43A9CA}.Development Editor|HTML5.Build.0 = BuiltWithUnrealBuildTool|Win32
		{CD3E0BC2-A928-4E90-939A-6178DC43A9CA}.Development Editor|Win32.ActiveCfg = BuiltWithUnrealBuildTool|Win32
		{CD3E0BC2-A928-4E90-939A-6178DC43A9CA}.Development Editor|Win32.Build.0 = BuiltWithUnrealBuildTool|Win32
		{CD3E0BC2-A928-4E90-939A-6178DC43A9CA}.Development Editor|Win64.ActiveCfg = BuiltWithUnrealBuildTool|Win32
		{CD3E0BC2-A928-4E90-939A-6178DC43A9CA}.Development Editor|Win64.Build.0 = BuiltWithUnrealBuildTool|Win32
		{CD3E0BC2-A928-4E90-939A-6178DC43A9CA}.Development|Android.ActiveCfg = BuiltWithUnrealBuildTool|Win32
		{CD3E0BC2-A928-4E90-939A-6178DC43A9CA}.Development|Android.Build.0 = BuiltWithUnrealBuildTool|Win32
		{CD3E0BC2-A928-4E90-939A-6178DC43A9CA}.Development|HTML5.ActiveCfg = BuiltWithUnrealBuildTool|Win32
		{CD3E0BC2-A928-4E90-939A-6178DC43A9CA}.Development|HTML5.Build.0 = BuiltWithUnrealBuildTool|Win32
		{CD3E0BC2-A928-4E90-939A-6178DC43A9CA}.Development|Win32.ActiveCfg = BuiltWithUnrealBuildTool|Win32
		{CD3E0BC2-A928-4E90-939A-6178DC43A9CA}.Development|Win32.Build.0 = BuiltWithUnrealBuildTool|Win32
		{CD3E0BC2-A928-4E90-939A-6178DC43A9CA}.Development|Win64.ActiveCfg = BuiltWithUnrealBuildTool|Win32
		{CD3E0BC2-A928-4E90-939A-6178DC43A9CA}.Development|Win64.Build.0 = BuiltWithUnrealBuildTool|Win32
		{CD3E0BC2-A928-4E90-939A-6178DC43A9CA}.Shipping|Android.ActiveCfg = BuiltWithUnrealBuildTool|Win32
		{CD3E0BC2-A928-4E90-939A-6178DC43A9CA}.Shipping|Android.Build.0 = BuiltWithUnrealBuildTool|Win32
		{CD3E0BC2-A928-4E90-939A-6178DC43A9CA}.Shipping|HTML5.ActiveCfg = BuiltWithUnrealBuildTool|Win32
		{CD3E0BC2-A928-4E90-939A-6178DC43A9CA}.Shipping|HTML5.Build.0 = BuiltWithUnrealBuildTool|Win32
		{CD3E0BC2-A928-4E90-939A-6178DC43A9CA}.Shipping|Win32.ActiveCfg = BuiltWithUnrealBuildTool|Win32
		{CD3E0BC2-A928-4E90-939A-6178DC43A9CA}.Shipping|Win32.Build.0 = BuiltWithUnrealBuildTool|Win32
		{CD3E0BC2-A928-4E90-939A-6178DC43A9CA}.Shipping|Win64.ActiveCfg = BuiltWithUnrealBuildTool|Win32
		{CD3E0BC2-A928-4E90-939A-6178DC43A9CA}.Shipping|Win64.Build.0 = BuiltWithUnrealBuildTool|Win32
		{B6B81989-2CD4-4476-BFCD-35C5530C36B7}.DebugGame Editor|Android.ActiveCfg = DebugGame_Editor|Tegra-Android
		{B6B81989-2CD4-4476-BFCD-35C5530C36B7}.DebugGame Editor|HTML5.ActiveCfg = HTML5_DebugGame_Editor|Win32
		{B6B81989-2CD4-4476-BFCD-35C5530C36B7}.DebugGame Editor|Win32.ActiveCfg = DebugGame_Editor|Win32
		{B6B81989-2CD4-4476-BFCD-35C5530C36B7}.DebugGame Editor|Win64.ActiveCfg = DebugGame_Editor|x64
		{B6B81989-2CD4-4476-BFCD-35C5530C36B7}.DebugGame Editor|Win64.Build.0 = DebugGame_Editor|x64
		{B6B81989-2CD4-4476-BFCD-35C5530C36B7}.DebugGame|Android.ActiveCfg = DebugGame_Game|Tegra-Android
		{B6B81989-2CD4-4476-BFCD-35C5530C36B7}.DebugGame|Android.Build.0 = DebugGame_Game|Tegra-Android
		{B6B81989-2CD4-4476-BFCD-35C5530C36B7}.DebugGame|HTML5.ActiveCfg = HTML5_DebugGame_Game|Win32
		{B6B81989-2CD4-4476-BFCD-35C5530C36B7}.DebugGame|HTML5.Build.0 = HTML5_DebugGame_Game|Win32
		{B6B81989-2CD4-4476-BFCD-35C5530C36B7}.DebugGame|Win32.ActiveCfg = DebugGame_Game|Win32
		{B6B81989-2CD4-4476-BFCD-35C5530C36B7}.DebugGame|Win32.Build.0 = DebugGame_Game|Win32
		{B6B81989-2CD4-4476-BFCD-35C5530C36B7}.DebugGame|Win64.ActiveCfg = DebugGame_Game|x64
		{B6B81989-2CD4-4476-BFCD-35C5530C36B7}.DebugGame|Win64.Build.0 = DebugGame_Game|x64
		{B6B81989-2CD4-4476-BFCD-35C5530C36B7}.Development Editor|Android.ActiveCfg = Development_Editor|Tegra-Android
		{B6B81989-2CD4-4476-BFCD-35C5530C36B7}.Development Editor|HTML5.ActiveCfg = HTML5_Development_Editor|Win32
		{B6B81989-2CD4-4476-BFCD-35C5530C36B7}.Development Editor|Win32.ActiveCfg = Development_Editor|Win32
		{B6B81989-2CD4-4476-BFCD-35C5530C36B7}.Development Editor|Win64.ActiveCfg = Development_Editor|x64
		{B6B81989-2CD4-4476-BFCD-35C5530C36B7}.Development Editor|Win64.Build.0 = Development_Editor|x64
		{B6B81989-2CD4-4476-BFCD-35C5530C36B7}.Development|Android.ActiveCfg = Development_Game|Tegra-Android
		{B6B81989-2CD4-4476-BFCD-35C5530C36B7}.Development|Android.Build.0 = Development_Game|Tegra-Android
		{B6B81989-2CD4-4476-BFCD-35C5530C36B7}.Development|HTML5.ActiveCfg = HTML5_Development_Game|Win32
		{B6B81989-2CD4-4476-BFCD-35C5530C36B7}.Development|HTML5.Build.0 = HTML5_Development_Game|Win32
		{B6B81989-2CD4-4476-BFCD-35C5530C36B7}.Development|Win32.ActiveCfg = Development_Game|Win32
		{B6B81989-2CD4-4476-BFCD-35C5530C36B7}.Development|Win32.Build.0 = Development_Game|Win32
		{B6B81989-2CD4-4476-BFCD-35C5530C36B7}.Development|Win64.ActiveCfg = Development_Game|x64
		{B6B81989-2CD4-4476-BFCD-35C5530C36B7}.Development|Win64.Build.0 = Development_Game|x64
		{B6B81989-2CD4-4476-BFCD-35C5530C36B7}.Shipping|Android.ActiveCfg = Shipping_Game|Tegra-Android
		{B6B81989-2CD4-4476-BFCD-35C5530C36B7}.Shipping|Android.Build.0 = Shipping_Game|Tegra-Android
		{B6B81989-2CD4-4476-BFCD-35C5530C36B7}.Shipping|HTML5.ActiveCfg = HTML5_Shipping_Game|Win32
		{B6B81989-2CD4-4476-BFCD-35C5530C36B7}.Shipping|HTML5.Build.0 = HTML5_Shipping_Game|Win32
		{B6B81989-2CD4-4476-BFCD-35C5530C36B7}.Shipping|Win32.ActiveCfg = Shipping_Game|Win32
		{B6B81989-2CD4-4476-BFCD-35C5530C36B7}.Shipping|Win32.Build.0 = Shipping_Game|Win32
		{B6B81989-2CD4-4476-BFCD-35C5530C36B7}.Shipping|Win64.ActiveCfg = Shipping_Game|x64
		{B6B81989-2CD4-4476-BFCD-35C5530C36B7}.Shipping|Win64.Build.0 = Shipping_Game|x64
	EndGlobalSection
	GlobalSection(SolutionProperties) = preSolution
		HideSolutionNode = FALSE
	EndGlobalSection
	GlobalSection(NestedProjects) = preSolution
		{CD3E0BC2-A928-4E90-939A-6178DC43A9CA} = {50C87088-7866-45D4-9608-30AED0514981}
		{B6B81989-2CD4-4476-BFCD-35C5530C36B7} = {1253BFA7-A105-4106-B969-390AAC4246F3}
	EndGlobalSection
EndGlobal
